<?xml version="1.0" encoding="utf-8"?>
<Project ToolsVersion="4.0" xmlns="http://schemas.microsoft.com/developer/msbuild/2003">
  <ItemGroup>
    <Filter Include="src">
      <UniqueIdentifier>{d8376475-7454-4a24-b08a-aac121d3ad6f}</UniqueIdentifier>
    </Filter>
    <Filter Include="addons">
      <UniqueIdentifier>{4de945c3-5252-4950-b007-09769dda97a6}</UniqueIdentifier>
    </Filter>
    <Filter Include="addons\ofxSvg">
      <UniqueIdentifier>{b270d700-3541-4bd9-8642-168a37ca0e40}</UniqueIdentifier>
    </Filter>
    <Filter Include="addons\ofxSvg\libs">
      <UniqueIdentifier>{a8419a9b-aba7-4575-a9fd-7b5499d409f9}</UniqueIdentifier>
    </Filter>
    <Filter Include="addons\ofxSvg\libs\svgTiny">
      <UniqueIdentifier>{66c3ad36-423b-42ce-b107-c34ef9d84d46}</UniqueIdentifier>
    </Filter>
    <Filter Include="addons\ofxSvg\libs\svgTiny\src">
      <UniqueIdentifier>{70aedbb4-5146-4ed6-8b52-a47d7b823b87}</UniqueIdentifier>
    </Filter>
    <Filter Include="addons\ofxSvg\src">
      <UniqueIdentifier>{6d0d2a00-f2cd-427c-932f-0fc1de9dea8a}</UniqueIdentifier>
    </Filter>
    <Filter Include="addons\ofxTweener">
      <UniqueIdentifier>{893dbf25-e94d-4f43-9a19-b0b709c5fc3c}</UniqueIdentifier>
    </Filter>
    <Filter Include="addons\ofxTweener\src">
      <UniqueIdentifier>{68c87e8d-1354-48ea-b29f-631c8d772b9d}</UniqueIdentifier>
    </Filter>
    <Filter Include="addons\ofxXmlSettings">
      <UniqueIdentifier>{f21c02f3-4240-4543-b869-8336cfeb4b22}</UniqueIdentifier>
    </Filter>
    <Filter Include="addons\ofxXmlSettings\libs">
      <UniqueIdentifier>{87fef9d3-9cab-42b2-b481-538c181d3235}</UniqueIdentifier>
    </Filter>
    <Filter Include="addons\ofxXmlSettings\src">
      <UniqueIdentifier>{67d5b368-e41b-47aa-82d1-980777e47ba3}</UniqueIdentifier>
    </Filter>
  </ItemGroup>
  <ItemGroup>
    <ClCompile Include="src\ofTextureAdv.cpp">
      <Filter>src</Filter>
    </ClCompile>
    <ClCompile Include="src\pingPongBuffer.cpp">
      <Filter>src</Filter>
    </ClCompile>
    <ClCompile Include="src\testApp.cpp">
      <Filter>src</Filter>
    </ClCompile>
    <ClCompile Include="src\attractor.cpp">
      <Filter>src</Filter>
    </ClCompile>
    <ClCompile Include="src\gpuPicto.cpp">
      <Filter>src</Filter>
    </ClCompile>
    <ClCompile Include="src\gpuPictoChar.cpp">
      <Filter>src</Filter>
    </ClCompile>
    <ClCompile Include="src\gpuPictoString.cpp">
      <Filter>src</Filter>
    </ClCompile>
    <ClCompile Include="src\main.cpp">
      <Filter>src</Filter>
    </ClCompile>
    <ClCompile Include="..\..\..\addons\ofxSvg\src\ofxSvg.cpp">
      <Filter>addons\ofxSvg\src</Filter>
    </ClCompile>
    <ClCompile Include="..\..\..\addons\ofxSvg\libs\svgTiny\src\src_colors.cpp">
      <Filter>addons\ofxSvg\libs\svgTiny\src</Filter>
    </ClCompile>
    <ClCompile Include="..\..\..\addons\ofxSvg\libs\svgTiny\src\svgtiny_list.cpp">
      <Filter>addons\ofxSvg\libs\svgTiny\src</Filter>
    </ClCompile>
    <ClCompile Include="..\..\..\addons\ofxSvg\libs\svgTiny\src\svgtiny.cpp">
      <Filter>addons\ofxSvg\libs\svgTiny\src</Filter>
    </ClCompile>
    <ClCompile Include="..\..\..\addons\ofxSvg\libs\svgTiny\src\svgtiny_gradient.cpp">
      <Filter>addons\ofxSvg\libs\svgTiny\src</Filter>
    </ClCompile>
    <ClCompile Include="..\..\..\addons\ofxTweener\src\ofxTransitions.cpp">
      <Filter>addons\ofxTweener\src</Filter>
    </ClCompile>
    <ClCompile Include="..\..\..\addons\ofxTweener\src\ofxTweener.cpp">
      <Filter>addons\ofxTweener\src</Filter>
    </ClCompile>
    <ClCompile Include="..\..\..\addons\ofxXmlSettings\src\ofxXmlSettings.cpp">
      <Filter>addons\ofxXmlSettings\src</Filter>
    </ClCompile>
    <ClCompile Include="..\..\..\addons\ofxXmlSettings\libs\tinyxml.cpp">
      <Filter>addons\ofxXmlSettings\libs</Filter>
    </ClCompile>
    <ClCompile Include="..\..\..\addons\ofxXmlSettings\libs\tinyxmlerror.cpp">
      <Filter>addons\ofxXmlSettings\libs</Filter>
    </ClCompile>
    <ClCompile Include="..\..\..\addons\ofxXmlSettings\libs\tinyxmlparser.cpp">
      <Filter>addons\ofxXmlSettings\libs</Filter>
    </ClCompile>
  </ItemGroup>
  <ItemGroup>
    <ClInclude Include="src\ofTextureAdv.h">
      <Filter>src</Filter>
    </ClInclude>
    <ClInclude Include="src\pingPongBuffer.h">
      <Filter>src</Filter>
    </ClInclude>
    <ClInclude Include="src\testApp.h">
      <Filter>src</Filter>
    </ClInclude>
    <ClInclude Include="src\attractor.h">
      <Filter>src</Filter>
    </ClInclude>
    <ClInclude Include="src\gpuPicto.h">
      <Filter>src</Filter>
    </ClInclude>
    <ClInclude Include="src\gpuPictoChar.h">
      <Filter>src</Filter>
    </ClInclude>
    <ClInclude Include="src\gpuPictoString.h">
      <Filter>src</Filter>
    </ClInclude>
    <ClInclude Include="..\..\..\addons\ofxSvg\src\ofxSvg.h">
      <Filter>addons\ofxSvg\src</Filter>
    </ClInclude>
    <ClInclude Include="..\..\..\addons\ofxSvg\libs\svgTiny\src\svgtiny.h">
      <Filter>addons\ofxSvg\libs\svgTiny\src</Filter>
    </ClInclude>
    <ClInclude Include="..\..\..\addons\ofxSvg\libs\svgTiny\src\svgtiny_internal.h">
      <Filter>addons\ofxSvg\libs\svgTiny\src</Filter>
    </ClInclude>
    <ClInclude Include="..\..\..\addons\ofxTweener\src\ofxTransitions.h">
      <Filter>addons\ofxTweener\src</Filter>
    </ClInclude>
    <ClInclude Include="..\..\..\addons\ofxTweener\src\ofxTweener.h">
      <Filter>addons\ofxTweener\src</Filter>
    </ClInclude>
    <ClInclude Include="..\..\..\addons\ofxXmlSettings\src\ofxXmlSettings.h">
      <Filter>addons\ofxXmlSettings\src</Filter>
    </ClInclude>
    <ClInclude Include="..\..\..\addons\ofxXmlSettings\libs\tinyxml.h">
      <Filter>addons\ofxXmlSettings\libs</Filter>
    </ClInclude>
  </ItemGroup>
</Project>